
Microsoft Visual Studio Solution File, Format Version 12.00
# Visual Studio Version 17
VisualStudioVersion = 17.11.35312.102
MinimumVisualStudioVersion = 10.0.40219.1
Project("{9A19103F-16F7-4668-BE54-9A1E7A4F7556}") = "LayoutDesigner", "WpfApp1\LayoutDesigner.csproj", "{151F0F04-E23E-4BDC-A335-AA9788418FDF}"
EndProject
Project("{FAE04EC0-301F-11D3-BF4B-00C04F79EFBC}") = "LayoutDesignerTests", "LayoutDesignerTests\LayoutDesignerTests.csproj", "{9B019E46-96EE-4598-A525-0F4C60379BF7}"
EndProject
Global
	GlobalSection(SolutionConfigurationPlatforms) = preSolution
		Debug|Any CPU = Debug|Any CPU
		Release|Any CPU = Release|Any CPU
	EndGlobalSection
	GlobalSection(ProjectConfigurationPlatforms) = postSolution
		{151F0F04-E23E-4BDC-A335-AA9788418FDF}.Debug|Any CPU.ActiveCfg = Debug|Any CPU
		{151F0F04-E23E-4BDC-A335-AA9788418FDF}.Debug|Any CPU.Build.0 = Debug|Any CPU
		{151F0F04-E23E-4BDC-A335-AA9788418FDF}.Release|Any CPU.ActiveCfg = Release|Any CPU
		{151F0F04-E23E-4BDC-A335-AA9788418FDF}.Release|Any CPU.Build.0 = Release|Any CPU
		{9B019E46-96EE-4598-A525-0F4C60379BF7}.Debug|Any CPU.ActiveCfg = Debug|Any CPU
		{9B019E46-96EE-4598-A525-0F4C60379BF7}.Debug|Any CPU.Build.0 = Debug|Any CPU
		{9B019E46-96EE-4598-A525-0F4C60379BF7}.Release|Any CPU.ActiveCfg = Release|Any CPU
		{9B019E46-96EE-4598-A525-0F4C60379BF7}.Release|Any CPU.Build.0 = Release|Any CPU
	EndGlobalSection
	GlobalSection(SolutionProperties) = preSolution
		HideSolutionNode = FALSE
	EndGlobalSection
	GlobalSection(ExtensibilityGlobals) = postSolution
		SolutionGuid = {F256BF39-6ABA-4DEF-814B-C09F211B0150}
	EndGlobalSection
EndGlobal
